{
  "dependencies": {
    "node-uuid": {
      "version": "1.4.8",
      "resolved": "https://registry.npmjs.org/node-uuid/-/node-uuid-1.4.8.tgz",
      "from": "node-uuid@*"
    },
    "paypal-rest-sdk": {
      "version": "0.6.3",
      "resolved": "https://registry.npmjs.org/paypal-rest-sdk/-/paypal-rest-sdk-0.6.3.tgz",
      "from": "paypal-rest-sdk@0.6.3"
    }
  }
}
